// !$*UTF8*$!
{
	archiveVersion = 1;
	classes = {
	};
	objectVersion = 50;
	objects = {

/* Begin PBXBuildFile section */
		15E3553B26EB4FC100B55A00 /* AppDelegate.swift in Sources */ = {isa = PBXBuildFile; fileRef = 15E3553A26EB4FC100B55A00 /* AppDelegate.swift */; };
		15E3553D26EB4FC100B55A00 /* SceneDelegate.swift in Sources */ = {isa = PBXBuildFile; fileRef = 15E3553C26EB4FC100B55A00 /* SceneDelegate.swift */; };
		15E3553F26EB4FC100B55A00 /* ViewController.swift in Sources */ = {isa = PBXBuildFile; fileRef = 15E3553E26EB4FC100B55A00 /* ViewController.swift */; };
		15E3554226EB4FC100B55A00 /* Main.storyboard in Resources */ = {isa = PBXBuildFile; fileRef = 15E3554026EB4FC100B55A00 /* Main.storyboard */; };
		15E3554426EB4FC500B55A00 /* Assets.xcassets in Resources */ = {isa = PBXBuildFile; fileRef = 15E3554326EB4FC500B55A00 /* Assets.xcassets */; };
		15E3554726EB4FC500B55A00 /* LaunchScreen.storyboard in Resources */ = {isa = PBXBuildFile; fileRef = 15E3554526EB4FC500B55A00 /* LaunchScreen.storyboard */; };
/* End PBXBuildFile section */

/* Begin PBXFileReference section */
		15E3553726EB4FC100B55A00 /* PickerView InserButton.app */ = {isa = PBXFileReference; explicitFileType = wrapper.application; includeInIndex = 0; path = "PickerView InserButton.app"; sourceTree = BUILT_PRODUCTS_DIR; };
		15E3553A26EB4FC100B55A00 /* AppDelegate.swift */ = {isa = PBXFileReference; lastKnownFileType = sourcecode.swift; path = AppDelegate.swift; sourceTree = "<group>"; };
		15E3553C26EB4FC100B55A00 /* SceneDelegate.swift */ = {isa = PBXFileReference; lastKnownFileType = sourcecode.swift; path = SceneDelegate.swift; sourceTree = "<group>"; };
		15E3553E26EB4FC100B55A00 /* ViewController.swift */ = {isa = PBXFileReference; lastKnownFileType = sourcecode.swift; path = ViewController.swift; sourceTree = "<group>"; };
		15E3554126EB4FC100B55A00 /* Base */ = {isa = PBXFileReference; lastKnownFileType = file.storyboard; name = Base; path = Base.lproj/Main.storyboard; sourceTree = "<group>"; };
		15E3554326EB4FC500B55A00 /* Assets.xcassets */ = {isa = PBXFileReference; lastKnownFileType = folder.assetcatalog; path = Assets.xcassets; sourceTree = "<group>"; };
		15E3554626EB4FC500B55A00 /* Base */ = {isa = PBXFileReference; lastKnownFileType = file.storyboard; name = Base; path = Base.lproj/LaunchScreen.storyboard; sourceTree = "<group>"; };
		15E3554826EB4FC500B55A00 /* Info.plist */ = {isa = PBXFileReference; lastKnownFileType = text.plist.xml; path = Info.plist; sourceTree = "<group>"; };
/* End PBXFileReference section */

/* Begin PBXFrameworksBuildPhase section */
		15E3553426EB4FC100B55A00 /* Frameworks */ = {
			isa = PBXFrameworksBuildPhase;
			buildActionMask = 2147483647;
			files = (
			);
			runOnlyForDeploymentPostprocessing = 0;
		};
/* End PBXFrameworksBuildPhase section */

/* Begin PBXGroup section */
		15E3552E26EB4FC100B55A00 = {
			isa = PBXGroup;
			children = (
				15E3553926EB4FC100B55A00 /* PickerView InserButton */,
				15E3553826EB4FC100B55A00 /* Products */,
			);
			sourceTree = "<group>";
		};
		15E3553826EB4FC100B55A00 /* Products */ = {
			isa = PBXGroup;
			children = (
				15E3553726EB4FC100B55A00 /* PickerView InserButton.app */,
			);
			name = Products;
			sourceTree = "<group>";
		};
		15E3553926EB4FC100B55A00 /* PickerView InserButton */ = {
			isa = PBXGroup;
			children = (
				15E3553A26EB4FC100B55A00 /* AppDelegate.swift */,
				15E3553C26EB4FC100B55A00 /* SceneDelegate.swift */,
				15E3553E26EB4FC100B55A00 /* ViewController.swift */,
				15E3554026EB4FC100B55A00 /* Main.storyboard */,
				15E3554326EB4FC500B55A00 /* Assets.xcassets */,
				15E3554526EB4FC500B55A00 /* LaunchScreen.storyboard */,
				15E3554826EB4FC500B55A00 /* Info.plist */,
			);
			path = "PickerView InserButton";
			sourceTree = "<group>";
		};
/* End PBXGroup section */

/* Begin PBXNativeTarget section */
		15E3553626EB4FC100B55A00 /* PickerView InserButton */ = {
			isa = PBXNativeTarget;
			buildConfigurationList = 15E3554B26EB4FC500B55A00 /* Build configuration list for PBXNativeTarget "PickerView InserButton" */;
			buildPhases = (
				15E3553326EB4FC100B55A00 /* Sources */,
				15E3553426EB4FC100B55A00 /* Frameworks */,
				15E3553526EB4FC100B55A00 /* Resources */,
			);
			buildRules = (
			);
			dependencies = (
			);
			name = "PickerView InserButton";
			productName = "PickerView InserButton";
			productReference = 15E3553726EB4FC100B55A00 /* PickerView InserButton.app */;
			productType = "com.apple.product-type.application";
		};
/* End PBXNativeTarget section */

/* Begin PBXProject section */
		15E3552F26EB4FC100B55A00 /* Project object */ = {
			isa = PBXProject;
			attributes = {
				LastSwiftUpdateCheck = 1240;
				LastUpgradeCheck = 1240;
				TargetAttributes = {
					15E3553626EB4FC100B55A00 = {
						CreatedOnToolsVersion = 12.4;
					};
				};
			};
			buildConfigurationList = 15E3553226EB4FC100B55A00 /* Build configuration list for PBXProject "PickerView InserButton" */;
			compatibilityVersion = "Xcode 9.3";
			developmentRegion = en;
			hasScannedForEncodings = 0;
			knownRegions = (
				en,
				Base,
			);
			mainGroup = 15E3552E26EB4FC100B55A00;
			productRefGroup = 15E3553826EB4FC100B55A00 /* Products */;
			projectDirPath = "";
			projectRoot = "";
			targets = (
				15E3553626EB4FC100B55A00 /* PickerView InserButton */,
			);
		};
/* End PBXProject section */

/* Begin PBXResourcesBuildPhase section */
		15E3553526EB4FC100B55A00 /* Resources */ = {
			isa = PBXResourcesBuildPhase;
			buildActionMask = 2147483647;
			files = (
				15E3554726EB4FC500B55A00 /* LaunchScreen.storyboard in Resources */,
				15E3554426EB4FC500B55A00 /* Assets.xcassets in Resources */,
				15E3554226EB4FC100B55A00 /* Main.storyboard in Resources */,
			);
			runOnlyForDeploymentPostprocessing = 0;
		};
/* End PBXResourcesBuildPhase section */

/* Begin PBXSourcesBuildPhase section */
		15E3553326EB4FC100B55A00 /* Sources */ = {
			isa = PBXSourcesBuildPhase;
			buildActionMask = 2147483647;
			files = (
				15E3553F26EB4FC100B55A00 /* ViewController.swift in Sources */,
				15E3553B26EB4FC100B55A00 /* AppDelegate.swift in Sources */,
				15E3553D26EB4FC100B55A00 /* SceneDelegate.swift in Sources */,
			);
			runOnlyForDeploymentPostprocessing = 0;
		};
/* End PBXSourcesBuildPhase section */

/* Begin PBXVariantGroup section */
		15E3554026EB4FC100B55A00 /* Main.storyboard */ = {
			isa = PBXVariantGroup;
			children = (
				15E3554126EB4FC100B55A00 /* Base */,
			);
			name = Main.storyboard;
			sourceTree = "<group>";
		};
		15E3554526EB4FC500B55A00 /* LaunchScreen.storyboard */ = {
			isa = PBXVariantGroup;
			children = (
				15E3554626EB4FC500B55A00 /* Base */,
			);
			name = LaunchScreen.storyboard;
			sourceTree = "<group>";
		};
/* End PBXVariantGroup section */

/* Begin XCBuildConfiguration section */
		15E3554926EB4FC500B55A00 /* Debug */ = {
			isa = XCBuildConfiguration;
			buildSettings = {
				ALWAYS_SEARCH_USER_PATHS = NO;
				CLANG_ANALYZER_NONNULL = YES;
				CLANG_ANALYZER_NUMBER_OBJECT_CONVERSION = YES_AGGRESSIVE;
				CLANG_CXX_LANGUAGE_STANDARD = "gnu++14";
				CLANG_CXX_LIBRARY = "libc++";
				CLANG_ENABLE_MODULES = YES;
				CLANG_ENABLE_OBJC_ARC = YES;
				CLANG_ENABLE_OBJC_WEAK = YES;
				CLANG_WARN_BLOCK_CAPTURE_AUTORELEASING = YES;
				CLANG_WARN_BOOL_CONVERSION = YES;
				CLANG_WARN_COMMA = YES;
				CLANG_WARN_CONSTANT_CONVERSION = YES;
				CLANG_WARN_DEPRECATED_OBJC_IMPLEMENTATIONS = YES;
				CLANG_WARN_DIRECT_OBJC_ISA_USAGE = YES_ERROR;
				CLANG_WARN_DOCUMENTATION_COMMENTS = YES;
				CLANG_WARN_EMPTY_BODY = YES;
				CLANG_WARN_ENUM_CONVERSION = YES;
				CLANG_WARN_INFINITE_RECURSION = YES;
				CLANG_WARN_INT_CONVERSION = YES;
				CLANG_WARN_NON_LITERAL_NULL_CONVERSION = YES;
				CLANG_WARN_OBJC_IMPLICIT_RETAIN_SELF = YES;
				CLANG_WARN_OBJC_LITERAL_CONVERSION = YES;
				CLANG_WARN_OBJC_ROOT_CLASS = YES_ERROR;
				CLANG_WARN_QUOTED_INCLUDE_IN_FRAMEWORK_HEADER = YES;
				CLANG_WARN_RANGE_LOOP_ANALYSIS = YES;
				CLANG_WARN_STRICT_PROTOTYPES = YES;
				CLANG_WARN_SUSPICIOUS_MOVE = YES;
				CLANG_WARN_UNGUARDED_AVAILABILITY = YES_AGGRESSIVE;
				CLANG_WARN_UNREACHABLE_CODE = YES;
				CLANG_WARN__DUPLICATE_METHOD_MATCH = YES;
				COPY_PHASE_STRIP = NO;
				DEBUG_INFORMATION_FORMAT = dwarf;
				ENABLE_STRICT_OBJC_MSGSEND = YES;
				ENABLE_TESTABILITY = YES;
				GCC_C_LANGUAGE_STANDARD = gnu11;
				GCC_DYNAMIC_NO_PIC = NO;
				GCC_NO_COMMON_BLOCKS = YES;
				GCC_OPTIMIZATION_LEVEL = 0;
				GCC_PREPROCESSOR_DEFINITIONS = (
					"DEBUG=1",
					"$(inherited)",
				);
				GCC_WARN_64_TO_32_BIT_CONVERSION = YES;
				GCC_WARN_ABOUT_RETURN_TYPE = YES_ERROR;
				GCC_WARN_UNDECLARED_SELECTOR = YES;
				GCC_WARN_UNINITIALIZED_AUTOS = YES_AGGRESSIVE;
				GCC_WARN_UNUSED_FUNCTION = YES;
				GCC_WARN_UNUSED_VARIABLE = YES;
				IPHONEOS_DEPLOYMENT_TARGET = 14.4;
				MTL_ENABLE_DEBUG_INFO = INCLUDE_SOURCE;
				MTL_FAST_MATH = YES;
				ONLY_ACTIVE_ARCH = YES;
				SDKROOT = iphoneos;
				SWIFT_ACTIVE_COMPILATION_CONDITIONS = DEBUG;
				SWIFT_OPTIMIZATION_LEVEL = "-Onone";
			};
			name = Debug;
		};
		15E3554A26EB4FC500B55A00 /* Release */ = {
			isa = XCBuildConfiguration;
			buildSettings = {
				ALWAYS_SEARCH_USER_PATHS = NO;
				CLANG_ANALYZER_NONNULL = YES;
				CLANG_ANALYZER_NUMBER_OBJECT_CONVERSION = YES_AGGRESSIVE;
				CLANG_CXX_LANGUAGE_STANDARD = "gnu++14";
				CLANG_CXX_LIBRARY = "libc++";
				CLANG_ENABLE_MODULES = YES;
				CLANG_ENABLE_OBJC_ARC = YES;
				CLANG_ENABLE_OBJC_WEAK = YES;
				CLANG_WARN_BLOCK_CAPTURE_AUTORELEASING = YES;
				CLANG_WARN_BOOL_CONVERSION = YES;
				CLANG_WARN_COMMA = YES;
				CLANG_WARN_CONSTANT_CONVERSION = YES;
				CLANG_WARN_DEPRECATED_OBJC_IMPLEMENTATIONS = YES;
				CLANG_WARN_DIRECT_OBJC_ISA_USAGE = YES_ERROR;
				CLANG_WARN_DOCUMENTATION_COMMENTS = YES;
				CLANG_WARN_EMPTY_BODY = YES;
				CLANG_WARN_ENUM_CONVERSION = YES;
				CLANG_WARN_INFINITE_RECURSION = YES;
				CLANG_WARN_INT_CONVERSION = YES;
				CLANG_WARN_NON_LITERAL_NULL_CONVERSION = YES;
				CLANG_WARN_OBJC_IMPLICIT_RETAIN_SELF = YES;
				CLANG_WARN_OBJC_LITERAL_CONVERSION = YES;
				CLANG_WARN_OBJC_ROOT_CLASS = YES_ERROR;
				CLANG_WARN_QUOTED_INCLUDE_IN_FRAMEWORK_HEADER = YES;
				CLANG_WARN_RANGE_LOOP_ANALYSIS = YES;
				CLANG_WARN_STRICT_PROTOTYPES = YES;
				CLANG_WARN_SUSPICIOUS_MOVE = YES;
				CLANG_WARN_UNGUARDED_AVAILABILITY = YES_AGGRESSIVE;
				CLANG_WARN_UNREACHABLE_CODE = YES;
				CLANG_WARN__DUPLICATE_METHOD_MATCH = YES;
				COPY_PHASE_STRIP = NO;
				DEBUG_INFORMATION_FORMAT = "dwarf-with-dsym";
				ENABLE_NS_ASSERTIONS = NO;
				ENABLE_STRICT_OBJC_MSGSEND = YES;
				GCC_C_LANGUAGE_STANDARD = gnu11;
				GCC_NO_COMMON_BLOCKS = YES;
				GCC_WARN_64_TO_32_BIT_CONVERSION = YES;
				GCC_WARN_ABOUT_RETURN_TYPE = YES_ERROR;
				GCC_WARN_UNDECLARED_SELECTOR = YES;
				GCC_WARN_UNINITIALIZED_AUTOS = YES_AGGRESSIVE;
				GCC_WARN_UNUSED_FUNCTION = YES;
				GCC_WARN_UNUSED_VARIABLE = YES;
				IPHONEOS_DEPLOYMENT_TARGET = 14.4;
				MTL_ENABLE_DEBUG_INFO = NO;
				MTL_FAST_MATH = YES;
				SDKROOT = iphoneos;
				SWIFT_COMPILATION_MODE = wholemodule;
				SWIFT_OPTIMIZATION_LEVEL = "-O";
				VALIDATE_PRODUCT = YES;
			};
			name = Release;
		};
		15E3554C26EB4FC500B55A00 /* Debug */ = {
			isa = XCBuildConfiguration;
			buildSettings = {
				ASSETCATALOG_COMPILER_APPICON_NAME = AppIcon;
				ASSETCATALOG_COMPILER_GLOBAL_ACCENT_COLOR_NAME = AccentColor;
				CODE_SIGN_STYLE = Automatic;
				INFOPLIST_FILE = "PickerView InserButton/Info.plist";
				LD_RUNPATH_SEARCH_PATHS = (
					"$(inherited)",
					"@executable_path/Frameworks",
				);
				PRODUCT_BUNDLE_IDENTIFIER = "thicapps.PickerView-InserButton";
				PRODUCT_NAME = "$(TARGET_NAME)";
				SWIFT_VERSION = 5.0;
				TARGETED_DEVICE_FAMILY = "1,2";
			};
			name = Debug;
		};
		15E3554D26EB4FC500B55A00 /* Release */ = {
			isa = XCBuildConfiguration;
			buildSettings = {
				ASSETCATALOG_COMPILER_APPICON_NAME = AppIcon;
				ASSETCATALOG_COMPILER_GLOBAL_ACCENT_COLOR_NAME = AccentColor;
				CODE_SIGN_STYLE = Automatic;
				INFOPLIST_FILE = "PickerView InserButton/Info.plist";
				LD_RUNPATH_SEARCH_PATHS = (
					"$(inherited)",
					"@executable_path/Frameworks",
				);
				PRODUCT_BUNDLE_IDENTIFIER = "thicapps.PickerView-InserButton";
				PRODUCT_NAME = "$(TARGET_NAME)";
				SWIFT_VERSION = 5.0;
				TARGETED_DEVICE_FAMILY = "1,2";
			};
			name = Release;
		};
/* End XCBuildConfiguration section */

/* Begin XCConfigurationList section */
		15E3553226EB4FC100B55A00 /* Build configuration list for PBXProject "PickerView InserButton" */ = {
			isa = XCConfigurationList;
			buildConfigurations = (
				15E3554926EB4FC500B55A00 /* Debug */,
				15E3554A26EB4FC500B55A00 /* Release */,
			);
			defaultConfigurationIsVisible = 0;
			defaultConfigurationName = Release;
		};
		15E3554B26EB4FC500B55A00 /* Build configuration list for PBXNativeTarget "PickerView InserButton" */ = {
			isa = XCConfigurationList;
			buildConfigurations = (
				15E3554C26EB4FC500B55A00 /* Debug */,
				15E3554D26EB4FC500B55A00 /* Release */,
			);
			defaultConfigurationIsVisible = 0;
			defaultConfigurationName = Release;
		};
/* End XCConfigurationList section */
	};
	rootObject = 15E3552F26EB4FC100B55A00 /* Project object */;
}
